
Microsoft Visual Studio Solution File, Format Version 12.00
# Visual Studio Version 17
VisualStudioVersion = 17.5.002.0
MinimumVisualStudioVersion = 10.0.40219.1
Project("{2150E333-8FDC-42A3-9474-1A3956D46DE8}") = "backend", "backend", "{25EED7C2-C136-4632-96EC-8F388B1BD0C1}"
EndProject
Project("{9A19103F-16F7-4668-BE54-9A1E7A4F7556}") = "TodoApi", "backend\TodoApi\TodoApi.csproj", "{94B01F03-8203-4C1A-9FCE-A9A06EC67EBC}"
EndProject
Global
	GlobalSection(SolutionConfigurationPlatforms) = preSolution
		Debug|Any CPU = Debug|Any CPU
		Release|Any CPU = Release|Any CPU
	EndGlobalSection
	GlobalSection(ProjectConfigurationPlatforms) = postSolution
		{94B01F03-8203-4C1A-9FCE-A9A06EC67EBC}.Debug|Any CPU.ActiveCfg = Debug|Any CPU
		{94B01F03-8203-4C1A-9FCE-A9A06EC67EBC}.Debug|Any CPU.Build.0 = Debug|Any CPU
		{94B01F03-8203-4C1A-9FCE-A9A06EC67EBC}.Release|Any CPU.ActiveCfg = Release|Any CPU
		{94B01F03-8203-4C1A-9FCE-A9A06EC67EBC}.Release|Any CPU.Build.0 = Release|Any CPU
	EndGlobalSection
	GlobalSection(SolutionProperties) = preSolution
		HideSolutionNode = FALSE
	EndGlobalSection
	GlobalSection(NestedProjects) = preSolution
		{94B01F03-8203-4C1A-9FCE-A9A06EC67EBC} = {25EED7C2-C136-4632-96EC-8F388B1BD0C1}
	EndGlobalSection
	GlobalSection(ExtensibilityGlobals) = postSolution
		SolutionGuid = {D51D6927-9CA2-41F4-8C13-C6F8A61F89B2}
	EndGlobalSection
EndGlobal
